// !$*UTF8*$!
{
	archiveVersion = 1;
	classes = {
	};
	objectVersion = 48;
	objects = {

/* Begin PBXBuildFile section */
		CB384DC8D3A502959015EC18 /* Pods_Podcasts.framework in Frameworks */ = {isa = PBXBuildFile; fileRef = 7B21D6743EBDDBC24A9114D9 /* Pods_Podcasts.framework */; };
		F4083C6920950AAB002D55E9 /* AppDelegate.swift in Sources */ = {isa = PBXBuildFile; fileRef = F4083C6820950AAB002D55E9 /* AppDelegate.swift */; };
		F4083C6B20950AAB002D55E9 /* ViewController.swift in Sources */ = {isa = PBXBuildFile; fileRef = F4083C6A20950AAB002D55E9 /* ViewController.swift */; };
		F4083C6E20950AAB002D55E9 /* Main.storyboard in Resources */ = {isa = PBXBuildFile; fileRef = F4083C6C20950AAB002D55E9 /* Main.storyboard */; };
		F4083C7020950AAB002D55E9 /* Assets.xcassets in Resources */ = {isa = PBXBuildFile; fileRef = F4083C6F20950AAB002D55E9 /* Assets.xcassets */; };
		F4083C7320950AAB002D55E9 /* LaunchScreen.storyboard in Resources */ = {isa = PBXBuildFile; fileRef = F4083C7120950AAB002D55E9 /* LaunchScreen.storyboard */; };
		F4083C7B20950B29002D55E9 /* MainTabBarController.swift in Sources */ = {isa = PBXBuildFile; fileRef = F4083C7A20950B29002D55E9 /* MainTabBarController.swift */; };
		F437D1DC20A6EBFF0004E485 /* EpisodeCell.swift in Sources */ = {isa = PBXBuildFile; fileRef = F437D1DA20A6EBFF0004E485 /* EpisodeCell.swift */; };
		F437D1DD20A6EBFF0004E485 /* EpisodeCell.xib in Resources */ = {isa = PBXBuildFile; fileRef = F437D1DB20A6EBFF0004E485 /* EpisodeCell.xib */; };
		F437D1E020A6F7000004E485 /* Extension.swift in Sources */ = {isa = PBXBuildFile; fileRef = F437D1DF20A6F7000004E485 /* Extension.swift */; };
		F437D1E220A6F8060004E485 /* RSSFeed.swift in Sources */ = {isa = PBXBuildFile; fileRef = F437D1E120A6F8060004E485 /* RSSFeed.swift */; };
		F45405B1209B53DC002726C6 /* EpisodesController.swift in Sources */ = {isa = PBXBuildFile; fileRef = F45405B0209B53DC002726C6 /* EpisodesController.swift */; };
		F45405B3209B57BC002726C6 /* Episode.swift in Sources */ = {isa = PBXBuildFile; fileRef = F45405B2209B57BC002726C6 /* Episode.swift */; };
		F4D3C32620963CA200C85D4D /* PodcastsSearchController.swift in Sources */ = {isa = PBXBuildFile; fileRef = F4D3C32520963CA200C85D4D /* PodcastsSearchController.swift */; };
		F4D3C32A20963D6600C85D4D /* Podcast.swift in Sources */ = {isa = PBXBuildFile; fileRef = F4D3C32920963D6600C85D4D /* Podcast.swift */; };
		F4F55ABC209B2F3A00DC5C3D /* Service.swift in Sources */ = {isa = PBXBuildFile; fileRef = F4F55ABB209B2F3A00DC5C3D /* Service.swift */; };
		F4F55ABF209B36F900DC5C3D /* PodcastCell.xib in Resources */ = {isa = PBXBuildFile; fileRef = F4F55ABE209B36F900DC5C3D /* PodcastCell.xib */; };
		F4F55AC1209B388B00DC5C3D /* PodcastCell.swift in Sources */ = {isa = PBXBuildFile; fileRef = F4F55AC0209B388B00DC5C3D /* PodcastCell.swift */; };
/* End PBXBuildFile section */

/* Begin PBXFileReference section */
		3C6565B0EC3C71937D724CE2 /* Pods-Podcasts.release.xcconfig */ = {isa = PBXFileReference; includeInIndex = 1; lastKnownFileType = text.xcconfig; name = "Pods-Podcasts.release.xcconfig"; path = "Pods/Target Support Files/Pods-Podcasts/Pods-Podcasts.release.xcconfig"; sourceTree = "<group>"; };
		5862D6A66C5FF0A9CDEF4CDF /* Pods-Podcasts.debug.xcconfig */ = {isa = PBXFileReference; includeInIndex = 1; lastKnownFileType = text.xcconfig; name = "Pods-Podcasts.debug.xcconfig"; path = "Pods/Target Support Files/Pods-Podcasts/Pods-Podcasts.debug.xcconfig"; sourceTree = "<group>"; };
		7B21D6743EBDDBC24A9114D9 /* Pods_Podcasts.framework */ = {isa = PBXFileReference; explicitFileType = wrapper.framework; includeInIndex = 0; path = Pods_Podcasts.framework; sourceTree = BUILT_PRODUCTS_DIR; };
		F4083C6520950AAB002D55E9 /* Podcasts.app */ = {isa = PBXFileReference; explicitFileType = wrapper.application; includeInIndex = 0; path = Podcasts.app; sourceTree = BUILT_PRODUCTS_DIR; };
		F4083C6820950AAB002D55E9 /* AppDelegate.swift */ = {isa = PBXFileReference; lastKnownFileType = sourcecode.swift; path = AppDelegate.swift; sourceTree = "<group>"; };
		F4083C6A20950AAB002D55E9 /* ViewController.swift */ = {isa = PBXFileReference; lastKnownFileType = sourcecode.swift; path = ViewController.swift; sourceTree = "<group>"; };
		F4083C6D20950AAB002D55E9 /* Base */ = {isa = PBXFileReference; lastKnownFileType = file.storyboard; name = Base; path = Base.lproj/Main.storyboard; sourceTree = "<group>"; };
		F4083C6F20950AAB002D55E9 /* Assets.xcassets */ = {isa = PBXFileReference; lastKnownFileType = folder.assetcatalog; path = Assets.xcassets; sourceTree = "<group>"; };
		F4083C7220950AAB002D55E9 /* Base */ = {isa = PBXFileReference; lastKnownFileType = file.storyboard; name = Base; path = Base.lproj/LaunchScreen.storyboard; sourceTree = "<group>"; };
		F4083C7420950AAB002D55E9 /* Info.plist */ = {isa = PBXFileReference; lastKnownFileType = text.plist.xml; path = Info.plist; sourceTree = "<group>"; };
		F4083C7A20950B29002D55E9 /* MainTabBarController.swift */ = {isa = PBXFileReference; lastKnownFileType = sourcecode.swift; path = MainTabBarController.swift; sourceTree = "<group>"; };
		F437D1DA20A6EBFF0004E485 /* EpisodeCell.swift */ = {isa = PBXFileReference; lastKnownFileType = sourcecode.swift; path = EpisodeCell.swift; sourceTree = "<group>"; };
		F437D1DB20A6EBFF0004E485 /* EpisodeCell.xib */ = {isa = PBXFileReference; lastKnownFileType = file.xib; path = EpisodeCell.xib; sourceTree = "<group>"; };
		F437D1DF20A6F7000004E485 /* Extension.swift */ = {isa = PBXFileReference; lastKnownFileType = sourcecode.swift; path = Extension.swift; sourceTree = "<group>"; };
		F437D1E120A6F8060004E485 /* RSSFeed.swift */ = {isa = PBXFileReference; lastKnownFileType = sourcecode.swift; path = RSSFeed.swift; sourceTree = "<group>"; };
		F45405B0209B53DC002726C6 /* EpisodesController.swift */ = {isa = PBXFileReference; lastKnownFileType = sourcecode.swift; path = EpisodesController.swift; sourceTree = "<group>"; };
		F45405B2209B57BC002726C6 /* Episode.swift */ = {isa = PBXFileReference; lastKnownFileType = sourcecode.swift; path = Episode.swift; sourceTree = "<group>"; };
		F4D3C32520963CA200C85D4D /* PodcastsSearchController.swift */ = {isa = PBXFileReference; lastKnownFileType = sourcecode.swift; path = PodcastsSearchController.swift; sourceTree = "<group>"; };
		F4D3C32920963D6600C85D4D /* Podcast.swift */ = {isa = PBXFileReference; lastKnownFileType = sourcecode.swift; path = Podcast.swift; sourceTree = "<group>"; };
		F4F55ABB209B2F3A00DC5C3D /* Service.swift */ = {isa = PBXFileReference; lastKnownFileType = sourcecode.swift; path = Service.swift; sourceTree = "<group>"; };
		F4F55ABE209B36F900DC5C3D /* PodcastCell.xib */ = {isa = PBXFileReference; lastKnownFileType = file.xib; path = PodcastCell.xib; sourceTree = "<group>"; };
		F4F55AC0209B388B00DC5C3D /* PodcastCell.swift */ = {isa = PBXFileReference; lastKnownFileType = sourcecode.swift; path = PodcastCell.swift; sourceTree = "<group>"; };
/* End PBXFileReference section */

/* Begin PBXFrameworksBuildPhase section */
		F4083C6220950AAB002D55E9 /* Frameworks */ = {
			isa = PBXFrameworksBuildPhase;
			buildActionMask = 2147483647;
			files = (
				CB384DC8D3A502959015EC18 /* Pods_Podcasts.framework in Frameworks */,
			);
			runOnlyForDeploymentPostprocessing = 0;
		};
/* End PBXFrameworksBuildPhase section */

/* Begin PBXGroup section */
		9860B90E399B88066D554DF7 /* Frameworks */ = {
			isa = PBXGroup;
			children = (
				7B21D6743EBDDBC24A9114D9 /* Pods_Podcasts.framework */,
			);
			name = Frameworks;
			sourceTree = "<group>";
		};
		D654FE22ECDA02C7DD8DFCC9 /* Pods */ = {
			isa = PBXGroup;
			children = (
				5862D6A66C5FF0A9CDEF4CDF /* Pods-Podcasts.debug.xcconfig */,
				3C6565B0EC3C71937D724CE2 /* Pods-Podcasts.release.xcconfig */,
			);
			name = Pods;
			sourceTree = "<group>";
		};
		F4083C5C20950AAA002D55E9 = {
			isa = PBXGroup;
			children = (
				F4083C6720950AAB002D55E9 /* Podcasts */,
				F4083C6620950AAB002D55E9 /* Products */,
				D654FE22ECDA02C7DD8DFCC9 /* Pods */,
				9860B90E399B88066D554DF7 /* Frameworks */,
			);
			sourceTree = "<group>";
		};
		F4083C6620950AAB002D55E9 /* Products */ = {
			isa = PBXGroup;
			children = (
				F4083C6520950AAB002D55E9 /* Podcasts.app */,
			);
			name = Products;
			sourceTree = "<group>";
		};
		F4083C6720950AAB002D55E9 /* Podcasts */ = {
			isa = PBXGroup;
			children = (
				F4083C6820950AAB002D55E9 /* AppDelegate.swift */,
				F4F55ABA209B2F2200DC5C3D /* Service */,
				F4D3C32820963D4A00C85D4D /* Model */,
				F4F55ABD209B36D700DC5C3D /* View */,
				F4D3C32720963D4200C85D4D /* Controller */,
				F4083C6A20950AAB002D55E9 /* ViewController.swift */,
				F4083C7A20950B29002D55E9 /* MainTabBarController.swift */,
				F437D1DE20A6F6EF0004E485 /* Extensions */,
				F4083C7420950AAB002D55E9 /* Info.plist */,
				F4D1A50B20976B6300E348C8 /* Helpers */,
				F4083C6F20950AAB002D55E9 /* Assets.xcassets */,
			);
			path = Podcasts;
			sourceTree = "<group>";
		};
		F437D1DE20A6F6EF0004E485 /* Extensions */ = {
			isa = PBXGroup;
			children = (
				F437D1DF20A6F7000004E485 /* Extension.swift */,
				F437D1E120A6F8060004E485 /* RSSFeed.swift */,
			);
			path = Extensions;
			sourceTree = "<group>";
		};
		F4D1A50B20976B6300E348C8 /* Helpers */ = {
			isa = PBXGroup;
			children = (
				F4083C6C20950AAB002D55E9 /* Main.storyboard */,
				F4083C7120950AAB002D55E9 /* LaunchScreen.storyboard */,
			);
			path = Helpers;
			sourceTree = "<group>";
		};
		F4D3C32720963D4200C85D4D /* Controller */ = {
			isa = PBXGroup;
			children = (
				F4D3C32520963CA200C85D4D /* PodcastsSearchController.swift */,
				F45405B0209B53DC002726C6 /* EpisodesController.swift */,
			);
			path = Controller;
			sourceTree = "<group>";
		};
		F4D3C32820963D4A00C85D4D /* Model */ = {
			isa = PBXGroup;
			children = (
				F4D3C32920963D6600C85D4D /* Podcast.swift */,
				F45405B2209B57BC002726C6 /* Episode.swift */,
			);
			path = Model;
			sourceTree = "<group>";
		};
		F4F55ABA209B2F2200DC5C3D /* Service */ = {
			isa = PBXGroup;
			children = (
				F4F55ABB209B2F3A00DC5C3D /* Service.swift */,
			);
			path = Service;
			sourceTree = "<group>";
		};
		F4F55ABD209B36D700DC5C3D /* View */ = {
			isa = PBXGroup;
			children = (
				F4F55ABE209B36F900DC5C3D /* PodcastCell.xib */,
				F4F55AC0209B388B00DC5C3D /* PodcastCell.swift */,
				F437D1DA20A6EBFF0004E485 /* EpisodeCell.swift */,
				F437D1DB20A6EBFF0004E485 /* EpisodeCell.xib */,
			);
			path = View;
			sourceTree = "<group>";
		};
/* End PBXGroup section */

/* Begin PBXNativeTarget section */
		F4083C6420950AAB002D55E9 /* Podcasts */ = {
			isa = PBXNativeTarget;
			buildConfigurationList = F4083C7720950AAB002D55E9 /* Build configuration list for PBXNativeTarget "Podcasts" */;
			buildPhases = (
				75194A13F96B84C627D88CDE /* [CP] Check Pods Manifest.lock */,
				F4083C6120950AAB002D55E9 /* Sources */,
				F4083C6220950AAB002D55E9 /* Frameworks */,
				F4083C6320950AAB002D55E9 /* Resources */,
				496CC6F8E526B6FD1D86FCA0 /* [CP] Embed Pods Frameworks */,
			);
			buildRules = (
			);
			dependencies = (
			);
			name = Podcasts;
			productName = Podcasts;
			productReference = F4083C6520950AAB002D55E9 /* Podcasts.app */;
			productType = "com.apple.product-type.application";
		};
/* End PBXNativeTarget section */

/* Begin PBXProject section */
		F4083C5D20950AAB002D55E9 /* Project object */ = {
			isa = PBXProject;
			attributes = {
				LastSwiftUpdateCheck = 0920;
				LastUpgradeCheck = 0920;
				ORGANIZATIONNAME = Simon;
				TargetAttributes = {
					F4083C6420950AAB002D55E9 = {
						CreatedOnToolsVersion = 9.2;
						ProvisioningStyle = Automatic;
					};
				};
			};
			buildConfigurationList = F4083C6020950AAB002D55E9 /* Build configuration list for PBXProject "Podcasts" */;
			compatibilityVersion = "Xcode 8.0";
			developmentRegion = en;
			hasScannedForEncodings = 0;
			knownRegions = (
				en,
				Base,
			);
			mainGroup = F4083C5C20950AAA002D55E9;
			productRefGroup = F4083C6620950AAB002D55E9 /* Products */;
			projectDirPath = "";
			projectRoot = "";
			targets = (
				F4083C6420950AAB002D55E9 /* Podcasts */,
			);
		};
/* End PBXProject section */

/* Begin PBXResourcesBuildPhase section */
		F4083C6320950AAB002D55E9 /* Resources */ = {
			isa = PBXResourcesBuildPhase;
			buildActionMask = 2147483647;
			files = (
				F4083C7320950AAB002D55E9 /* LaunchScreen.storyboard in Resources */,
				F4083C7020950AAB002D55E9 /* Assets.xcassets in Resources */,
				F437D1DD20A6EBFF0004E485 /* EpisodeCell.xib in Resources */,
				F4F55ABF209B36F900DC5C3D /* PodcastCell.xib in Resources */,
				F4083C6E20950AAB002D55E9 /* Main.storyboard in Resources */,
			);
			runOnlyForDeploymentPostprocessing = 0;
		};
/* End PBXResourcesBuildPhase section */

/* Begin PBXShellScriptBuildPhase section */
		496CC6F8E526B6FD1D86FCA0 /* [CP] Embed Pods Frameworks */ = {
			isa = PBXShellScriptBuildPhase;
			buildActionMask = 2147483647;
			files = (
			);
			inputPaths = (
				"${SRCROOT}/Pods/Target Support Files/Pods-Podcasts/Pods-Podcasts-frameworks.sh",
				"${BUILT_PRODUCTS_DIR}/Alamofire/Alamofire.framework",
				"${BUILT_PRODUCTS_DIR}/FeedKit/FeedKit.framework",
				"${BUILT_PRODUCTS_DIR}/SDWebImage/SDWebImage.framework",
			);
			name = "[CP] Embed Pods Frameworks";
			outputPaths = (
				"${TARGET_BUILD_DIR}/${FRAMEWORKS_FOLDER_PATH}/Alamofire.framework",
				"${TARGET_BUILD_DIR}/${FRAMEWORKS_FOLDER_PATH}/FeedKit.framework",
				"${TARGET_BUILD_DIR}/${FRAMEWORKS_FOLDER_PATH}/SDWebImage.framework",
			);
			runOnlyForDeploymentPostprocessing = 0;
			shellPath = /bin/sh;
			shellScript = "\"${SRCROOT}/Pods/Target Support Files/Pods-Podcasts/Pods-Podcasts-frameworks.sh\"\n";
			showEnvVarsInLog = 0;
		};
		75194A13F96B84C627D88CDE /* [CP] Check Pods Manifest.lock */ = {
			isa = PBXShellScriptBuildPhase;
			buildActionMask = 2147483647;
			files = (
			);
			inputPaths = (
				"${PODS_PODFILE_DIR_PATH}/Podfile.lock",
				"${PODS_ROOT}/Manifest.lock",
			);
			name = "[CP] Check Pods Manifest.lock";
			outputPaths = (
				"$(DERIVED_FILE_DIR)/Pods-Podcasts-checkManifestLockResult.txt",
			);
			runOnlyForDeploymentPostprocessing = 0;
			shellPath = /bin/sh;
			shellScript = "diff \"${PODS_PODFILE_DIR_PATH}/Podfile.lock\" \"${PODS_ROOT}/Manifest.lock\" > /dev/null\nif [ $? != 0 ] ; then\n    # print error to STDERR\n    echo \"error: The sandbox is not in sync with the Podfile.lock. Run 'pod install' or update your CocoaPods installation.\" >&2\n    exit 1\nfi\n# This output is used by Xcode 'outputs' to avoid re-running this script phase.\necho \"SUCCESS\" > \"${SCRIPT_OUTPUT_FILE_0}\"\n";
			showEnvVarsInLog = 0;
		};
/* End PBXShellScriptBuildPhase section */

/* Begin PBXSourcesBuildPhase section */
		F4083C6120950AAB002D55E9 /* Sources */ = {
			isa = PBXSourcesBuildPhase;
			buildActionMask = 2147483647;
			files = (
				F437D1E220A6F8060004E485 /* RSSFeed.swift in Sources */,
				F4D3C32620963CA200C85D4D /* PodcastsSearchController.swift in Sources */,
				F4083C6B20950AAB002D55E9 /* ViewController.swift in Sources */,
				F4083C6920950AAB002D55E9 /* AppDelegate.swift in Sources */,
				F45405B1209B53DC002726C6 /* EpisodesController.swift in Sources */,
				F4083C7B20950B29002D55E9 /* MainTabBarController.swift in Sources */,
				F437D1DC20A6EBFF0004E485 /* EpisodeCell.swift in Sources */,
				F4D3C32A20963D6600C85D4D /* Podcast.swift in Sources */,
				F4F55ABC209B2F3A00DC5C3D /* Service.swift in Sources */,
				F45405B3209B57BC002726C6 /* Episode.swift in Sources */,
				F437D1E020A6F7000004E485 /* Extension.swift in Sources */,
				F4F55AC1209B388B00DC5C3D /* PodcastCell.swift in Sources */,
			);
			runOnlyForDeploymentPostprocessing = 0;
		};
/* End PBXSourcesBuildPhase section */

/* Begin PBXVariantGroup section */
		F4083C6C20950AAB002D55E9 /* Main.storyboard */ = {
			isa = PBXVariantGroup;
			children = (
				F4083C6D20950AAB002D55E9 /* Base */,
			);
			name = Main.storyboard;
			sourceTree = "<group>";
		};
		F4083C7120950AAB002D55E9 /* LaunchScreen.storyboard */ = {
			isa = PBXVariantGroup;
			children = (
				F4083C7220950AAB002D55E9 /* Base */,
			);
			name = LaunchScreen.storyboard;
			sourceTree = "<group>";
		};
/* End PBXVariantGroup section */

/* Begin XCBuildConfiguration section */
		F4083C7520950AAB002D55E9 /* Debug */ = {
			isa = XCBuildConfiguration;
			buildSettings = {
				ALWAYS_SEARCH_USER_PATHS = NO;
				CLANG_ANALYZER_NONNULL = YES;
				CLANG_ANALYZER_NUMBER_OBJECT_CONVERSION = YES_AGGRESSIVE;
				CLANG_CXX_LANGUAGE_STANDARD = "gnu++14";
				CLANG_CXX_LIBRARY = "libc++";
				CLANG_ENABLE_MODULES = YES;
				CLANG_ENABLE_OBJC_ARC = YES;
				CLANG_WARN_BLOCK_CAPTURE_AUTORELEASING = YES;
				CLANG_WARN_BOOL_CONVERSION = YES;
				CLANG_WARN_COMMA = YES;
				CLANG_WARN_CONSTANT_CONVERSION = YES;
				CLANG_WARN_DIRECT_OBJC_ISA_USAGE = YES_ERROR;
				CLANG_WARN_DOCUMENTATION_COMMENTS = YES;
				CLANG_WARN_EMPTY_BODY = YES;
				CLANG_WARN_ENUM_CONVERSION = YES;
				CLANG_WARN_INFINITE_RECURSION = YES;
				CLANG_WARN_INT_CONVERSION = YES;
				CLANG_WARN_NON_LITERAL_NULL_CONVERSION = YES;
				CLANG_WARN_OBJC_LITERAL_CONVERSION = YES;
				CLANG_WARN_OBJC_ROOT_CLASS = YES_ERROR;
				CLANG_WARN_RANGE_LOOP_ANALYSIS = YES;
				CLANG_WARN_STRICT_PROTOTYPES = YES;
				CLANG_WARN_SUSPICIOUS_MOVE = YES;
				CLANG_WARN_UNGUARDED_AVAILABILITY = YES_AGGRESSIVE;
				CLANG_WARN_UNREACHABLE_CODE = YES;
				CLANG_WARN__DUPLICATE_METHOD_MATCH = YES;
				CODE_SIGN_IDENTITY = "iPhone Developer";
				COPY_PHASE_STRIP = NO;
				DEBUG_INFORMATION_FORMAT = dwarf;
				ENABLE_STRICT_OBJC_MSGSEND = YES;
				ENABLE_TESTABILITY = YES;
				GCC_C_LANGUAGE_STANDARD = gnu11;
				GCC_DYNAMIC_NO_PIC = NO;
				GCC_NO_COMMON_BLOCKS = YES;
				GCC_OPTIMIZATION_LEVEL = 0;
				GCC_PREPROCESSOR_DEFINITIONS = (
					"DEBUG=1",
					"$(inherited)",
				);
				GCC_WARN_64_TO_32_BIT_CONVERSION = YES;
				GCC_WARN_ABOUT_RETURN_TYPE = YES_ERROR;
				GCC_WARN_UNDECLARED_SELECTOR = YES;
				GCC_WARN_UNINITIALIZED_AUTOS = YES_AGGRESSIVE;
				GCC_WARN_UNUSED_FUNCTION = YES;
				GCC_WARN_UNUSED_VARIABLE = YES;
				IPHONEOS_DEPLOYMENT_TARGET = 11.2;
				MTL_ENABLE_DEBUG_INFO = YES;
				ONLY_ACTIVE_ARCH = YES;
				SDKROOT = iphoneos;
				SWIFT_ACTIVE_COMPILATION_CONDITIONS = DEBUG;
				SWIFT_OPTIMIZATION_LEVEL = "-Onone";
			};
			name = Debug;
		};
		F4083C7620950AAB002D55E9 /* Release */ = {
			isa = XCBuildConfiguration;
			buildSettings = {
				ALWAYS_SEARCH_USER_PATHS = NO;
				CLANG_ANALYZER_NONNULL = YES;
				CLANG_ANALYZER_NUMBER_OBJECT_CONVERSION = YES_AGGRESSIVE;
				CLANG_CXX_LANGUAGE_STANDARD = "gnu++14";
				CLANG_CXX_LIBRARY = "libc++";
				CLANG_ENABLE_MODULES = YES;
				CLANG_ENABLE_OBJC_ARC = YES;
				CLANG_WARN_BLOCK_CAPTURE_AUTORELEASING = YES;
				CLANG_WARN_BOOL_CONVERSION = YES;
				CLANG_WARN_COMMA = YES;
				CLANG_WARN_CONSTANT_CONVERSION = YES;
				CLANG_WARN_DIRECT_OBJC_ISA_USAGE = YES_ERROR;
				CLANG_WARN_DOCUMENTATION_COMMENTS = YES;
				CLANG_WARN_EMPTY_BODY = YES;
				CLANG_WARN_ENUM_CONVERSION = YES;
				CLANG_WARN_INFINITE_RECURSION = YES;
				CLANG_WARN_INT_CONVERSION = YES;
				CLANG_WARN_NON_LITERAL_NULL_CONVERSION = YES;
				CLANG_WARN_OBJC_LITERAL_CONVERSION = YES;
				CLANG_WARN_OBJC_ROOT_CLASS = YES_ERROR;
				CLANG_WARN_RANGE_LOOP_ANALYSIS = YES;
				CLANG_WARN_STRICT_PROTOTYPES = YES;
				CLANG_WARN_SUSPICIOUS_MOVE = YES;
				CLANG_WARN_UNGUARDED_AVAILABILITY = YES_AGGRESSIVE;
				CLANG_WARN_UNREACHABLE_CODE = YES;
				CLANG_WARN__DUPLICATE_METHOD_MATCH = YES;
				CODE_SIGN_IDENTITY = "iPhone Developer";
				COPY_PHASE_STRIP = NO;
				DEBUG_INFORMATION_FORMAT = "dwarf-with-dsym";
				ENABLE_NS_ASSERTIONS = NO;
				ENABLE_STRICT_OBJC_MSGSEND = YES;
				GCC_C_LANGUAGE_STANDARD = gnu11;
				GCC_NO_COMMON_BLOCKS = YES;
				GCC_WARN_64_TO_32_BIT_CONVERSION = YES;
				GCC_WARN_ABOUT_RETURN_TYPE = YES_ERROR;
				GCC_WARN_UNDECLARED_SELECTOR = YES;
				GCC_WARN_UNINITIALIZED_AUTOS = YES_AGGRESSIVE;
				GCC_WARN_UNUSED_FUNCTION = YES;
				GCC_WARN_UNUSED_VARIABLE = YES;
				IPHONEOS_DEPLOYMENT_TARGET = 11.2;
				MTL_ENABLE_DEBUG_INFO = NO;
				SDKROOT = iphoneos;
				SWIFT_OPTIMIZATION_LEVEL = "-Owholemodule";
				VALIDATE_PRODUCT = YES;
			};
			name = Release;
		};
		F4083C7820950AAB002D55E9 /* Debug */ = {
			isa = XCBuildConfiguration;
			baseConfigurationReference = 5862D6A66C5FF0A9CDEF4CDF /* Pods-Podcasts.debug.xcconfig */;
			buildSettings = {
				ASSETCATALOG_COMPILER_APPICON_NAME = AppIcon;
				CODE_SIGN_STYLE = Automatic;
				DEVELOPMENT_TEAM = VSX6ZSHUF3;
				INFOPLIST_FILE = Podcasts/Info.plist;
				LD_RUNPATH_SEARCH_PATHS = "$(inherited) @executable_path/Frameworks";
				PRODUCT_BUNDLE_IDENTIFIER = id.Podcasts;
				PRODUCT_NAME = "$(TARGET_NAME)";
				SWIFT_VERSION = 4.0;
				TARGETED_DEVICE_FAMILY = "1,2";
			};
			name = Debug;
		};
		F4083C7920950AAB002D55E9 /* Release */ = {
			isa = XCBuildConfiguration;
			baseConfigurationReference = 3C6565B0EC3C71937D724CE2 /* Pods-Podcasts.release.xcconfig */;
			buildSettings = {
				ASSETCATALOG_COMPILER_APPICON_NAME = AppIcon;
				CODE_SIGN_STYLE = Automatic;
				DEVELOPMENT_TEAM = VSX6ZSHUF3;
				INFOPLIST_FILE = Podcasts/Info.plist;
				LD_RUNPATH_SEARCH_PATHS = "$(inherited) @executable_path/Frameworks";
				PRODUCT_BUNDLE_IDENTIFIER = id.Podcasts;
				PRODUCT_NAME = "$(TARGET_NAME)";
				SWIFT_VERSION = 4.0;
				TARGETED_DEVICE_FAMILY = "1,2";
			};
			name = Release;
		};
/* End XCBuildConfiguration section */

/* Begin XCConfigurationList section */
		F4083C6020950AAB002D55E9 /* Build configuration list for PBXProject "Podcasts" */ = {
			isa = XCConfigurationList;
			buildConfigurations = (
				F4083C7520950AAB002D55E9 /* Debug */,
				F4083C7620950AAB002D55E9 /* Release */,
			);
			defaultConfigurationIsVisible = 0;
			defaultConfigurationName = Release;
		};
		F4083C7720950AAB002D55E9 /* Build configuration list for PBXNativeTarget "Podcasts" */ = {
			isa = XCConfigurationList;
			buildConfigurations = (
				F4083C7820950AAB002D55E9 /* Debug */,
				F4083C7920950AAB002D55E9 /* Release */,
			);
			defaultConfigurationIsVisible = 0;
			defaultConfigurationName = Release;
		};
/* End XCConfigurationList section */
	};
	rootObject = F4083C5D20950AAB002D55E9 /* Project object */;
}
